// !$*UTF8*$!
{
	archiveVersion = 1;
	classes = {
	};
	objectVersion = 46;
	objects = {

/* Begin PBXBuildFile section */
		EE1A61021575345E00AC0D39 /* Cocoa.framework in Frameworks */ = {isa = PBXBuildFile; fileRef = EE1A61011575345E00AC0D39 /* Cocoa.framework */; };
		EE1A610C1575345E00AC0D39 /* InfoPlist.strings in Resources */ = {isa = PBXBuildFile; fileRef = EE1A610A1575345E00AC0D39 /* InfoPlist.strings */; };
		EE1A610E1575345E00AC0D39 /* main.m in Sources */ = {isa = PBXBuildFile; fileRef = EE1A610D1575345E00AC0D39 /* main.m */; };
		EE1A61121575345E00AC0D39 /* Credits.rtf in Resources */ = {isa = PBXBuildFile; fileRef = EE1A61101575345E00AC0D39 /* Credits.rtf */; };
		EE1A61151575345E00AC0D39 /* AppDelegate.m in Sources */ = {isa = PBXBuildFile; fileRef = EE1A61141575345E00AC0D39 /* AppDelegate.m */; };
		EE1A61181575345F00AC0D39 /* MainMenu.xib in Resources */ = {isa = PBXBuildFile; fileRef = EE1A61161575345F00AC0D39 /* MainMenu.xib */; };
		EE1A6120157536EE00AC0D39 /* CACellGridView.m in Sources */ = {isa = PBXBuildFile; fileRef = EE1A611F157536EE00AC0D39 /* CACellGridView.m */; };
		EE1A61231576708900AC0D39 /* CAPredatorPrey.m in Sources */ = {isa = PBXBuildFile; fileRef = EE1A61221576708900AC0D39 /* CAPredatorPrey.m */; };
		EE1A6126157685F300AC0D39 /* CAViewController.m in Sources */ = {isa = PBXBuildFile; fileRef = EE1A6125157685F300AC0D39 /* CAViewController.m */; };
/* End PBXBuildFile section */

/* Begin PBXFileReference section */
		EE1A60FD1575345E00AC0D39 /* CellularAutomataCocoa.app */ = {isa = PBXFileReference; explicitFileType = wrapper.application; includeInIndex = 0; path = CellularAutomataCocoa.app; sourceTree = BUILT_PRODUCTS_DIR; };
		EE1A61011575345E00AC0D39 /* Cocoa.framework */ = {isa = PBXFileReference; lastKnownFileType = wrapper.framework; name = Cocoa.framework; path = System/Library/Frameworks/Cocoa.framework; sourceTree = SDKROOT; };
		EE1A61041575345E00AC0D39 /* AppKit.framework */ = {isa = PBXFileReference; lastKnownFileType = wrapper.framework; name = AppKit.framework; path = System/Library/Frameworks/AppKit.framework; sourceTree = SDKROOT; };
		EE1A61051575345E00AC0D39 /* CoreData.framework */ = {isa = PBXFileReference; lastKnownFileType = wrapper.framework; name = CoreData.framework; path = System/Library/Frameworks/CoreData.framework; sourceTree = SDKROOT; };
		EE1A61061575345E00AC0D39 /* Foundation.framework */ = {isa = PBXFileReference; lastKnownFileType = wrapper.framework; name = Foundation.framework; path = System/Library/Frameworks/Foundation.framework; sourceTree = SDKROOT; };
		EE1A61091575345E00AC0D39 /* CellularAutomataCocoa-Info.plist */ = {isa = PBXFileReference; path = "CellularAutomataCocoa-Info.plist"; sourceTree = "<group>"; };
		EE1A610B1575345E00AC0D39 /* en */ = {isa = PBXFileReference; lastKnownFileType = text.plist.strings; name = en; path = en.lproj/InfoPlist.strings; sourceTree = "<group>"; };
		EE1A610D1575345E00AC0D39 /* main.m */ = {isa = PBXFileReference; lastKnownFileType = sourcecode.c.objc; path = main.m; sourceTree = "<group>"; };
		EE1A610F1575345E00AC0D39 /* CellularAutomataCocoa-Prefix.pch */ = {isa = PBXFileReference; path = "CellularAutomataCocoa-Prefix.pch"; sourceTree = "<group>"; };
		EE1A61111575345E00AC0D39 /* en */ = {isa = PBXFileReference; lastKnownFileType = text.rtf; name = en; path = en.lproj/Credits.rtf; sourceTree = "<group>"; };
		EE1A61131575345E00AC0D39 /* AppDelegate.h */ = {isa = PBXFileReference; lastKnownFileType = sourcecode.c.h; path = AppDelegate.h; sourceTree = "<group>"; };
		EE1A61141575345E00AC0D39 /* AppDelegate.m */ = {isa = PBXFileReference; lastKnownFileType = sourcecode.c.objc; path = AppDelegate.m; sourceTree = "<group>"; };
		EE1A61171575345F00AC0D39 /* en */ = {isa = PBXFileReference; lastKnownFileType = file.xib; name = en; path = en.lproj/MainMenu.xib; sourceTree = "<group>"; };
		EE1A611E157536EE00AC0D39 /* CACellGridView.h */ = {isa = PBXFileReference; fileEncoding = 4; lastKnownFileType = sourcecode.c.h; path = CACellGridView.h; sourceTree = "<group>"; };
		EE1A611F157536EE00AC0D39 /* CACellGridView.m */ = {isa = PBXFileReference; fileEncoding = 4; lastKnownFileType = sourcecode.c.objc; path = CACellGridView.m; sourceTree = "<group>"; };
		EE1A61211576708900AC0D39 /* CAPredatorPrey.h */ = {isa = PBXFileReference; fileEncoding = 4; lastKnownFileType = sourcecode.c.h; path = CAPredatorPrey.h; sourceTree = "<group>"; };
		EE1A61221576708900AC0D39 /* CAPredatorPrey.m */ = {isa = PBXFileReference; fileEncoding = 4; lastKnownFileType = sourcecode.c.objc; path = CAPredatorPrey.m; sourceTree = "<group>"; };
		EE1A6124157685F300AC0D39 /* CAViewController.h */ = {isa = PBXFileReference; fileEncoding = 4; lastKnownFileType = sourcecode.c.h; path = CAViewController.h; sourceTree = "<group>"; };
		EE1A6125157685F300AC0D39 /* CAViewController.m */ = {isa = PBXFileReference; fileEncoding = 4; lastKnownFileType = sourcecode.c.objc; path = CAViewController.m; sourceTree = "<group>"; };
/* End PBXFileReference section */

/* Begin PBXFrameworksBuildPhase section */
		EE1A60FA1575345E00AC0D39 /* Frameworks */ = {
			isa = PBXFrameworksBuildPhase;
			buildActionMask = 2147483647;
			files = (
				EE1A61021575345E00AC0D39 /* Cocoa.framework in Frameworks */,
			);
			runOnlyForDeploymentPostprocessing = 0;
		};
/* End PBXFrameworksBuildPhase section */

/* Begin PBXGroup section */
		EE1A60F21575345E00AC0D39 = {
			isa = PBXGroup;
			children = (
				EE1A61071575345E00AC0D39 /* CellularAutomataCocoa */,
				EE1A61001575345E00AC0D39 /* Frameworks */,
				EE1A60FE1575345E00AC0D39 /* Products */,
			);
			sourceTree = "<group>";
		};
		EE1A60FE1575345E00AC0D39 /* Products */ = {
			isa = PBXGroup;
			children = (
				EE1A60FD1575345E00AC0D39 /* CellularAutomataCocoa.app */,
			);
			name = Products;
			sourceTree = "<group>";
		};
		EE1A61001575345E00AC0D39 /* Frameworks */ = {
			isa = PBXGroup;
			children = (
				EE1A61011575345E00AC0D39 /* Cocoa.framework */,
				EE1A61031575345E00AC0D39 /* Other Frameworks */,
			);
			name = Frameworks;
			sourceTree = "<group>";
		};
		EE1A61031575345E00AC0D39 /* Other Frameworks */ = {
			isa = PBXGroup;
			children = (
				EE1A61041575345E00AC0D39 /* AppKit.framework */,
				EE1A61051575345E00AC0D39 /* CoreData.framework */,
				EE1A61061575345E00AC0D39 /* Foundation.framework */,
			);
			name = "Other Frameworks";
			sourceTree = "<group>";
		};
		EE1A61071575345E00AC0D39 /* CellularAutomataCocoa */ = {
			isa = PBXGroup;
			children = (
				EE1A61131575345E00AC0D39 /* AppDelegate.h */,
				EE1A61141575345E00AC0D39 /* AppDelegate.m */,
				EE1A61161575345F00AC0D39 /* MainMenu.xib */,
				EE1A61081575345E00AC0D39 /* Supporting Files */,
				EE1A611E157536EE00AC0D39 /* CACellGridView.h */,
				EE1A611F157536EE00AC0D39 /* CACellGridView.m */,
				EE1A61211576708900AC0D39 /* CAPredatorPrey.h */,
				EE1A61221576708900AC0D39 /* CAPredatorPrey.m */,
				EE1A6124157685F300AC0D39 /* CAViewController.h */,
				EE1A6125157685F300AC0D39 /* CAViewController.m */,
			);
			name = CellularAutomataCocoa;
			path = PredatorPreyAutomata;
			sourceTree = "<group>";
		};
		EE1A61081575345E00AC0D39 /* Supporting Files */ = {
			isa = PBXGroup;
			children = (
				EE1A61091575345E00AC0D39 /* CellularAutomataCocoa-Info.plist */,
				EE1A610A1575345E00AC0D39 /* InfoPlist.strings */,
				EE1A610D1575345E00AC0D39 /* main.m */,
				EE1A610F1575345E00AC0D39 /* CellularAutomataCocoa-Prefix.pch */,
				EE1A61101575345E00AC0D39 /* Credits.rtf */,
			);
			name = "Supporting Files";
			sourceTree = "<group>";
		};
/* End PBXGroup section */

/* Begin PBXNativeTarget section */
		EE1A60FC1575345E00AC0D39 /* CellularAutomataCocoa */ = {
			isa = PBXNativeTarget;
			buildConfigurationList = EE1A611B1575345F00AC0D39 /* Build configuration list for PBXNativeTarget "CellularAutomataCocoa" */;
			buildPhases = (
				EE1A60F91575345E00AC0D39 /* Sources */,
				EE1A60FA1575345E00AC0D39 /* Frameworks */,
				EE1A60FB1575345E00AC0D39 /* Resources */,
			);
			buildRules = (
			);
			dependencies = (
			);
			name = CellularAutomataCocoa;
			productName = PredatorPreyAutomata;
			productReference = EE1A60FD1575345E00AC0D39 /* CellularAutomataCocoa.app */;
			productType = "com.apple.product-type.application";
		};
/* End PBXNativeTarget section */

/* Begin PBXProject section */
		EE1A60F41575345E00AC0D39 /* Project object */ = {
			isa = PBXProject;
			attributes = {
				LastUpgradeCheck = 0430;
				ORGANIZATIONNAME = AGH;
			};
			buildConfigurationList = EE1A60F71575345E00AC0D39 /* Build configuration list for PBXProject "CellularAutomataCocoa" */;
			compatibilityVersion = "Xcode 3.2";
			developmentRegion = English;
			hasScannedForEncodings = 0;
			knownRegions = (
				en,
			);
			mainGroup = EE1A60F21575345E00AC0D39;
			productRefGroup = EE1A60FE1575345E00AC0D39 /* Products */;
			projectDirPath = "";
			projectRoot = "";
			targets = (
				EE1A60FC1575345E00AC0D39 /* CellularAutomataCocoa */,
			);
		};
/* End PBXProject section */

/* Begin PBXResourcesBuildPhase section */
		EE1A60FB1575345E00AC0D39 /* Resources */ = {
			isa = PBXResourcesBuildPhase;
			buildActionMask = 2147483647;
			files = (
				EE1A610C1575345E00AC0D39 /* InfoPlist.strings in Resources */,
				EE1A61121575345E00AC0D39 /* Credits.rtf in Resources */,
				EE1A61181575345F00AC0D39 /* MainMenu.xib in Resources */,
			);
			runOnlyForDeploymentPostprocessing = 0;
		};
/* End PBXResourcesBuildPhase section */

/* Begin PBXSourcesBuildPhase section */
		EE1A60F91575345E00AC0D39 /* Sources */ = {
			isa = PBXSourcesBuildPhase;
			buildActionMask = 2147483647;
			files = (
				EE1A610E1575345E00AC0D39 /* main.m in Sources */,
				EE1A61151575345E00AC0D39 /* AppDelegate.m in Sources */,
				EE1A6120157536EE00AC0D39 /* CACellGridView.m in Sources */,
				EE1A61231576708900AC0D39 /* CAPredatorPrey.m in Sources */,
				EE1A6126157685F300AC0D39 /* CAViewController.m in Sources */,
			);
			runOnlyForDeploymentPostprocessing = 0;
		};
/* End PBXSourcesBuildPhase section */

/* Begin PBXVariantGroup section */
		EE1A610A1575345E00AC0D39 /* InfoPlist.strings */ = {
			isa = PBXVariantGroup;
			children = (
				EE1A610B1575345E00AC0D39 /* en */,
			);
			name = InfoPlist.strings;
			sourceTree = "<group>";
		};
		EE1A61101575345E00AC0D39 /* Credits.rtf */ = {
			isa = PBXVariantGroup;
			children = (
				EE1A61111575345E00AC0D39 /* en */,
			);
			name = Credits.rtf;
			sourceTree = "<group>";
		};
		EE1A61161575345F00AC0D39 /* MainMenu.xib */ = {
			isa = PBXVariantGroup;
			children = (
				EE1A61171575345F00AC0D39 /* en */,
			);
			name = MainMenu.xib;
			sourceTree = "<group>";
		};
/* End PBXVariantGroup section */

/* Begin XCBuildConfiguration section */
		EE1A61191575345F00AC0D39 /* Debug */ = {
			isa = XCBuildConfiguration;
			buildSettings = {
				ALWAYS_SEARCH_USER_PATHS = NO;
				ARCHS = "$(ARCHS_STANDARD_64_BIT)";
				CLANG_ENABLE_OBJC_ARC = YES;
				COPY_PHASE_STRIP = NO;
				GCC_C_LANGUAGE_STANDARD = gnu99;
				GCC_DYNAMIC_NO_PIC = NO;
				GCC_ENABLE_OBJC_EXCEPTIONS = YES;
				GCC_OPTIMIZATION_LEVEL = 0;
				GCC_PREPROCESSOR_DEFINITIONS = (
					"DEBUG=1",
					"$(inherited)",
				);
				GCC_SYMBOLS_PRIVATE_EXTERN = NO;
				GCC_VERSION = com.apple.compilers.llvm.clang.1_0;
				GCC_WARN_64_TO_32_BIT_CONVERSION = YES;
				GCC_WARN_ABOUT_RETURN_TYPE = YES;
				GCC_WARN_UNINITIALIZED_AUTOS = YES;
				GCC_WARN_UNUSED_VARIABLE = YES;
				MACOSX_DEPLOYMENT_TARGET = 10.7;
				ONLY_ACTIVE_ARCH = YES;
				SDKROOT = macosx;
			};
			name = Debug;
		};
		EE1A611A1575345F00AC0D39 /* Release */ = {
			isa = XCBuildConfiguration;
			buildSettings = {
				ALWAYS_SEARCH_USER_PATHS = NO;
				ARCHS = "$(ARCHS_STANDARD_64_BIT)";
				CLANG_ENABLE_OBJC_ARC = YES;
				COPY_PHASE_STRIP = YES;
				DEBUG_INFORMATION_FORMAT = "dwarf-with-dsym";
				GCC_C_LANGUAGE_STANDARD = gnu99;
				GCC_ENABLE_OBJC_EXCEPTIONS = YES;
				GCC_VERSION = com.apple.compilers.llvm.clang.1_0;
				GCC_WARN_64_TO_32_BIT_CONVERSION = YES;
				GCC_WARN_ABOUT_RETURN_TYPE = YES;
				GCC_WARN_UNINITIALIZED_AUTOS = YES;
				GCC_WARN_UNUSED_VARIABLE = YES;
				MACOSX_DEPLOYMENT_TARGET = 10.7;
				SDKROOT = macosx;
			};
			name = Release;
		};
		EE1A611C1575345F00AC0D39 /* Debug */ = {
			isa = XCBuildConfiguration;
			buildSettings = {
				GCC_PRECOMPILE_PREFIX_HEADER = YES;
				GCC_PREFIX_HEADER = "PredatorPreyAutomata/CellularAutomataCocoa-Prefix.pch";
				INFOPLIST_FILE = "PredatorPreyAutomata/CellularAutomataCocoa-Info.plist";
				PRODUCT_NAME = CellularAutomataCocoa;
				WRAPPER_EXTENSION = app;
			};
			name = Debug;
		};
		EE1A611D1575345F00AC0D39 /* Release */ = {
			isa = XCBuildConfiguration;
			buildSettings = {
				GCC_PRECOMPILE_PREFIX_HEADER = YES;
				GCC_PREFIX_HEADER = "PredatorPreyAutomata/CellularAutomataCocoa-Prefix.pch";
				INFOPLIST_FILE = "PredatorPreyAutomata/CellularAutomataCocoa-Info.plist";
				PRODUCT_NAME = CellularAutomataCocoa;
				WRAPPER_EXTENSION = app;
			};
			name = Release;
		};
/* End XCBuildConfiguration section */

/* Begin XCConfigurationList section */
		EE1A60F71575345E00AC0D39 /* Build configuration list for PBXProject "CellularAutomataCocoa" */ = {
			isa = XCConfigurationList;
			buildConfigurations = (
				EE1A61191575345F00AC0D39 /* Debug */,
				EE1A611A1575345F00AC0D39 /* Release */,
			);
			defaultConfigurationIsVisible = 0;
			defaultConfigurationName = Release;
		};
		EE1A611B1575345F00AC0D39 /* Build configuration list for PBXNativeTarget "CellularAutomataCocoa" */ = {
			isa = XCConfigurationList;
			buildConfigurations = (
				EE1A611C1575345F00AC0D39 /* Debug */,
				EE1A611D1575345F00AC0D39 /* Release */,
			);
			defaultConfigurationIsVisible = 0;
			defaultConfigurationName = Release;
		};
/* End XCConfigurationList section */
	};
	rootObject = EE1A60F41575345E00AC0D39 /* Project object */;
}
